PODS:
  - BaseUtils (1.0.43)
  - PodImage (1.0.26):
    - BaseUtils
  - PodSpeech (1.0.11):
    - BaseUtils
  - PodUI (1.0.29):
    - BaseUtils
    - PodImage

DEPENDENCIES:
  - BaseUtils
  - PodSpeech
  - PodUI

SPEC CHECKSUMS:
  BaseUtils: 29a9756e46a62ea6409d0aa2bdc85befd22b3bf9
  PodImage: c5ef35333c8d6a4f4287bea53588d000edbb1e52
  PodSpeech: 97983b35828d494e5a8a969c805dff593a7c8b38
  PodUI: 3ee20814e000a62a8407aa9ad7525db7a81894a2

PODFILE CHECKSUM: ecebeb65b17ec502e8f4c3a3a96c91fbf1937a11

COCOAPODS: 1.1.1
