PODS:
  - BaseUtils (1.0.29)
  - PodImage (1.0.15):
    - BaseUtils
  - PodSpeech (1.0.4):
    - BaseUtils
  - PodUI (1.0.22):
    - BaseUtils
    - PodImage

DEPENDENCIES:
  - BaseUtils
  - PodSpeech
  - PodUI

SPEC CHECKSUMS:
  BaseUtils: e16421e0062a6970a2dbf861da1e852e63264d50
  PodImage: c79896e1458a31f4f7d8a3606fdf04e08e6d44b9
  PodSpeech: 204034c7abbb187f44ed77d4b1a73e25c1b54c9f
  PodUI: 0d5e403ed2f31b03be4f330d271819a51c557bd5

PODFILE CHECKSUM: ecebeb65b17ec502e8f4c3a3a96c91fbf1937a11

COCOAPODS: 1.1.1
