PODS:
  - BaseUtils (1.0.31)
  - PodImage (1.0.16):
    - BaseUtils
  - PodSpeech (1.0.5):
    - BaseUtils
  - PodUI (1.0.23):
    - BaseUtils
    - PodImage

DEPENDENCIES:
  - BaseUtils
  - PodSpeech
  - PodUI

SPEC CHECKSUMS:
  BaseUtils: 3ac0b330fddb0f020d515f734c31b228d7de6707
  PodImage: d81b4b1adb58fa145c32d9b0943892fc397cbd0f
  PodSpeech: 3d369a26a2f8ba0aec7829fb0c4cb48bc5347cc8
  PodUI: 67d98d8c64e61878d1497f9334b24af494d175dc

PODFILE CHECKSUM: ecebeb65b17ec502e8f4c3a3a96c91fbf1937a11

COCOAPODS: 1.1.1
